
Microsoft Visual Studio Solution File, Format Version 12.00
# Visual Studio Version 16
VisualStudioVersion = 16.0.31025.194
MinimumVisualStudioVersion = 10.0.40219.1
Project("{FAE04EC0-301F-11D3-BF4B-00C04F79EFBC}") = "SelectServer", "SelectServer\SelectServer.csproj", "{017500D8-FB41-4F65-AEB5-976A5CD5574F}"
EndProject
Global
	GlobalSection(SolutionConfigurationPlatforms) = preSolution
		Debug|Any CPU = Debug|Any CPU
		Release|Any CPU = Release|Any CPU
	EndGlobalSection
	GlobalSection(ProjectConfigurationPlatforms) = postSolution
		{017500D8-FB41-4F65-AEB5-976A5CD5574F}.Debug|Any CPU.ActiveCfg = Debug|Any CPU
		{017500D8-FB41-4F65-AEB5-976A5CD5574F}.Debug|Any CPU.Build.0 = Debug|Any CPU
		{017500D8-FB41-4F65-AEB5-976A5CD5574F}.Release|Any CPU.ActiveCfg = Release|Any CPU
		{017500D8-FB41-4F65-AEB5-976A5CD5574F}.Release|Any CPU.Build.0 = Release|Any CPU
	EndGlobalSection
	GlobalSection(SolutionProperties) = preSolution
		HideSolutionNode = FALSE
	EndGlobalSection
	GlobalSection(ExtensibilityGlobals) = postSolution
		SolutionGuid = {5AA8E5F9-0426-4169-AC00-DEEF31558782}
	EndGlobalSection
EndGlobal
